// !$*UTF8*$!
{
	archiveVersion = 1;
	classes = {
	};
	objectVersion = 55;
	objects = {

/* Begin PBXBuildFile section */
		8403F8732965647F00A80470 /* MyData.swift in Sources */ = {isa = PBXBuildFile; fileRef = 8403F8722965647F00A80470 /* MyData.swift */; };
		8464490C2965A1DB00E1DCA8 /* customTVC.swift in Sources */ = {isa = PBXBuildFile; fileRef = 8464490B2965A1DB00E1DCA8 /* customTVC.swift */; };
		84FD4D552963EF4800CB91DA /* AppDelegate.swift in Sources */ = {isa = PBXBuildFile; fileRef = 84FD4D542963EF4800CB91DA /* AppDelegate.swift */; };
		84FD4D572963EF4800CB91DA /* SceneDelegate.swift in Sources */ = {isa = PBXBuildFile; fileRef = 84FD4D562963EF4800CB91DA /* SceneDelegate.swift */; };
		84FD4D592963EF4800CB91DA /* ViewController.swift in Sources */ = {isa = PBXBuildFile; fileRef = 84FD4D582963EF4800CB91DA /* ViewController.swift */; };
		84FD4D5C2963EF4800CB91DA /* Main.storyboard in Resources */ = {isa = PBXBuildFile; fileRef = 84FD4D5A2963EF4800CB91DA /* Main.storyboard */; };
		84FD4D5E2963EF4900CB91DA /* Assets.xcassets in Resources */ = {isa = PBXBuildFile; fileRef = 84FD4D5D2963EF4900CB91DA /* Assets.xcassets */; };
		84FD4D612963EF4900CB91DA /* LaunchScreen.storyboard in Resources */ = {isa = PBXBuildFile; fileRef = 84FD4D5F2963EF4900CB91DA /* LaunchScreen.storyboard */; };
/* End PBXBuildFile section */

/* Begin PBXFileReference section */
		8403F8722965647F00A80470 /* MyData.swift */ = {isa = PBXFileReference; lastKnownFileType = sourcecode.swift; path = MyData.swift; sourceTree = "<group>"; };
		8464490B2965A1DB00E1DCA8 /* customTVC.swift */ = {isa = PBXFileReference; lastKnownFileType = sourcecode.swift; path = customTVC.swift; sourceTree = "<group>"; };
		84FD4D512963EF4800CB91DA /* Jan-03-URLSession_DataTask.app */ = {isa = PBXFileReference; explicitFileType = wrapper.application; includeInIndex = 0; path = "Jan-03-URLSession_DataTask.app"; sourceTree = BUILT_PRODUCTS_DIR; };
		84FD4D542963EF4800CB91DA /* AppDelegate.swift */ = {isa = PBXFileReference; lastKnownFileType = sourcecode.swift; path = AppDelegate.swift; sourceTree = "<group>"; };
		84FD4D562963EF4800CB91DA /* SceneDelegate.swift */ = {isa = PBXFileReference; lastKnownFileType = sourcecode.swift; path = SceneDelegate.swift; sourceTree = "<group>"; };
		84FD4D582963EF4800CB91DA /* ViewController.swift */ = {isa = PBXFileReference; lastKnownFileType = sourcecode.swift; path = ViewController.swift; sourceTree = "<group>"; };
		84FD4D5B2963EF4800CB91DA /* Base */ = {isa = PBXFileReference; lastKnownFileType = file.storyboard; name = Base; path = Base.lproj/Main.storyboard; sourceTree = "<group>"; };
		84FD4D5D2963EF4900CB91DA /* Assets.xcassets */ = {isa = PBXFileReference; lastKnownFileType = folder.assetcatalog; path = Assets.xcassets; sourceTree = "<group>"; };
		84FD4D602963EF4900CB91DA /* Base */ = {isa = PBXFileReference; lastKnownFileType = file.storyboard; name = Base; path = Base.lproj/LaunchScreen.storyboard; sourceTree = "<group>"; };
		84FD4D622963EF4900CB91DA /* Info.plist */ = {isa = PBXFileReference; lastKnownFileType = text.plist.xml; path = Info.plist; sourceTree = "<group>"; };
/* End PBXFileReference section */

/* Begin PBXFrameworksBuildPhase section */
		84FD4D4E2963EF4800CB91DA /* Frameworks */ = {
			isa = PBXFrameworksBuildPhase;
			buildActionMask = 2147483647;
			files = (
			);
			runOnlyForDeploymentPostprocessing = 0;
		};
/* End PBXFrameworksBuildPhase section */

/* Begin PBXGroup section */
		84FD4D482963EF4800CB91DA = {
			isa = PBXGroup;
			children = (
				84FD4D532963EF4800CB91DA /* Jan-03-URLSession_DataTask */,
				84FD4D522963EF4800CB91DA /* Products */,
			);
			sourceTree = "<group>";
		};
		84FD4D522963EF4800CB91DA /* Products */ = {
			isa = PBXGroup;
			children = (
				84FD4D512963EF4800CB91DA /* Jan-03-URLSession_DataTask.app */,
			);
			name = Products;
			sourceTree = "<group>";
		};
		84FD4D532963EF4800CB91DA /* Jan-03-URLSession_DataTask */ = {
			isa = PBXGroup;
			children = (
				84FD4D542963EF4800CB91DA /* AppDelegate.swift */,
				84FD4D562963EF4800CB91DA /* SceneDelegate.swift */,
				84FD4D582963EF4800CB91DA /* ViewController.swift */,
				8464490B2965A1DB00E1DCA8 /* customTVC.swift */,
				8403F8722965647F00A80470 /* MyData.swift */,
				84FD4D5A2963EF4800CB91DA /* Main.storyboard */,
				84FD4D5D2963EF4900CB91DA /* Assets.xcassets */,
				84FD4D5F2963EF4900CB91DA /* LaunchScreen.storyboard */,
				84FD4D622963EF4900CB91DA /* Info.plist */,
			);
			path = "Jan-03-URLSession_DataTask";
			sourceTree = "<group>";
		};
/* End PBXGroup section */

/* Begin PBXNativeTarget section */
		84FD4D502963EF4800CB91DA /* Jan-03-URLSession_DataTask */ = {
			isa = PBXNativeTarget;
			buildConfigurationList = 84FD4D652963EF4900CB91DA /* Build configuration list for PBXNativeTarget "Jan-03-URLSession_DataTask" */;
			buildPhases = (
				84FD4D4D2963EF4800CB91DA /* Sources */,
				84FD4D4E2963EF4800CB91DA /* Frameworks */,
				84FD4D4F2963EF4800CB91DA /* Resources */,
			);
			buildRules = (
			);
			dependencies = (
			);
			name = "Jan-03-URLSession_DataTask";
			productName = "Jan-03-URLSession_DataTask";
			productReference = 84FD4D512963EF4800CB91DA /* Jan-03-URLSession_DataTask.app */;
			productType = "com.apple.product-type.application";
		};
/* End PBXNativeTarget section */

/* Begin PBXProject section */
		84FD4D492963EF4800CB91DA /* Project object */ = {
			isa = PBXProject;
			attributes = {
				BuildIndependentTargetsInParallel = 1;
				LastSwiftUpdateCheck = 1340;
				LastUpgradeCheck = 1340;
				TargetAttributes = {
					84FD4D502963EF4800CB91DA = {
						CreatedOnToolsVersion = 13.4;
					};
				};
			};
			buildConfigurationList = 84FD4D4C2963EF4800CB91DA /* Build configuration list for PBXProject "Jan-03-URLSession_DataTask" */;
			compatibilityVersion = "Xcode 13.0";
			developmentRegion = en;
			hasScannedForEncodings = 0;
			knownRegions = (
				en,
				Base,
			);
			mainGroup = 84FD4D482963EF4800CB91DA;
			productRefGroup = 84FD4D522963EF4800CB91DA /* Products */;
			projectDirPath = "";
			projectRoot = "";
			targets = (
				84FD4D502963EF4800CB91DA /* Jan-03-URLSession_DataTask */,
			);
		};
/* End PBXProject section */

/* Begin PBXResourcesBuildPhase section */
		84FD4D4F2963EF4800CB91DA /* Resources */ = {
			isa = PBXResourcesBuildPhase;
			buildActionMask = 2147483647;
			files = (
				84FD4D612963EF4900CB91DA /* LaunchScreen.storyboard in Resources */,
				84FD4D5E2963EF4900CB91DA /* Assets.xcassets in Resources */,
				84FD4D5C2963EF4800CB91DA /* Main.storyboard in Resources */,
			);
			runOnlyForDeploymentPostprocessing = 0;
		};
/* End PBXResourcesBuildPhase section */

/* Begin PBXSourcesBuildPhase section */
		84FD4D4D2963EF4800CB91DA /* Sources */ = {
			isa = PBXSourcesBuildPhase;
			buildActionMask = 2147483647;
			files = (
				84FD4D592963EF4800CB91DA /* ViewController.swift in Sources */,
				84FD4D552963EF4800CB91DA /* AppDelegate.swift in Sources */,
				84FD4D572963EF4800CB91DA /* SceneDelegate.swift in Sources */,
				8464490C2965A1DB00E1DCA8 /* customTVC.swift in Sources */,
				8403F8732965647F00A80470 /* MyData.swift in Sources */,
			);
			runOnlyForDeploymentPostprocessing = 0;
		};
/* End PBXSourcesBuildPhase section */

/* Begin PBXVariantGroup section */
		84FD4D5A2963EF4800CB91DA /* Main.storyboard */ = {
			isa = PBXVariantGroup;
			children = (
				84FD4D5B2963EF4800CB91DA /* Base */,
			);
			name = Main.storyboard;
			sourceTree = "<group>";
		};
		84FD4D5F2963EF4900CB91DA /* LaunchScreen.storyboard */ = {
			isa = PBXVariantGroup;
			children = (
				84FD4D602963EF4900CB91DA /* Base */,
			);
			name = LaunchScreen.storyboard;
			sourceTree = "<group>";
		};
/* End PBXVariantGroup section */

/* Begin XCBuildConfiguration section */
		84FD4D632963EF4900CB91DA /* Debug */ = {
			isa = XCBuildConfiguration;
			buildSettings = {
				ALWAYS_SEARCH_USER_PATHS = NO;
				CLANG_ANALYZER_NONNULL = YES;
				CLANG_ANALYZER_NUMBER_OBJECT_CONVERSION = YES_AGGRESSIVE;
				CLANG_CXX_LANGUAGE_STANDARD = "gnu++17";
				CLANG_ENABLE_MODULES = YES;
				CLANG_ENABLE_OBJC_ARC = YES;
				CLANG_ENABLE_OBJC_WEAK = YES;
				CLANG_WARN_BLOCK_CAPTURE_AUTORELEASING = YES;
				CLANG_WARN_BOOL_CONVERSION = YES;
				CLANG_WARN_COMMA = YES;
				CLANG_WARN_CONSTANT_CONVERSION = YES;
				CLANG_WARN_DEPRECATED_OBJC_IMPLEMENTATIONS = YES;
				CLANG_WARN_DIRECT_OBJC_ISA_USAGE = YES_ERROR;
				CLANG_WARN_DOCUMENTATION_COMMENTS = YES;
				CLANG_WARN_EMPTY_BODY = YES;
				CLANG_WARN_ENUM_CONVERSION = YES;
				CLANG_WARN_INFINITE_RECURSION = YES;
				CLANG_WARN_INT_CONVERSION = YES;
				CLANG_WARN_NON_LITERAL_NULL_CONVERSION = YES;
				CLANG_WARN_OBJC_IMPLICIT_RETAIN_SELF = YES;
				CLANG_WARN_OBJC_LITERAL_CONVERSION = YES;
				CLANG_WARN_OBJC_ROOT_CLASS = YES_ERROR;
				CLANG_WARN_QUOTED_INCLUDE_IN_FRAMEWORK_HEADER = YES;
				CLANG_WARN_RANGE_LOOP_ANALYSIS = YES;
				CLANG_WARN_STRICT_PROTOTYPES = YES;
				CLANG_WARN_SUSPICIOUS_MOVE = YES;
				CLANG_WARN_UNGUARDED_AVAILABILITY = YES_AGGRESSIVE;
				CLANG_WARN_UNREACHABLE_CODE = YES;
				CLANG_WARN__DUPLICATE_METHOD_MATCH = YES;
				COPY_PHASE_STRIP = NO;
				DEBUG_INFORMATION_FORMAT = dwarf;
				ENABLE_STRICT_OBJC_MSGSEND = YES;
				ENABLE_TESTABILITY = YES;
				GCC_C_LANGUAGE_STANDARD = gnu11;
				GCC_DYNAMIC_NO_PIC = NO;
				GCC_NO_COMMON_BLOCKS = YES;
				GCC_OPTIMIZATION_LEVEL = 0;
				GCC_PREPROCESSOR_DEFINITIONS = (
					"DEBUG=1",
					"$(inherited)",
				);
				GCC_WARN_64_TO_32_BIT_CONVERSION = YES;
				GCC_WARN_ABOUT_RETURN_TYPE = YES_ERROR;
				GCC_WARN_UNDECLARED_SELECTOR = YES;
				GCC_WARN_UNINITIALIZED_AUTOS = YES_AGGRESSIVE;
				GCC_WARN_UNUSED_FUNCTION = YES;
				GCC_WARN_UNUSED_VARIABLE = YES;
				IPHONEOS_DEPLOYMENT_TARGET = 15.5;
				MTL_ENABLE_DEBUG_INFO = INCLUDE_SOURCE;
				MTL_FAST_MATH = YES;
				ONLY_ACTIVE_ARCH = YES;
				SDKROOT = iphoneos;
				SWIFT_ACTIVE_COMPILATION_CONDITIONS = DEBUG;
				SWIFT_OPTIMIZATION_LEVEL = "-Onone";
			};
			name = Debug;
		};
		84FD4D642963EF4900CB91DA /* Release */ = {
			isa = XCBuildConfiguration;
			buildSettings = {
				ALWAYS_SEARCH_USER_PATHS = NO;
				CLANG_ANALYZER_NONNULL = YES;
				CLANG_ANALYZER_NUMBER_OBJECT_CONVERSION = YES_AGGRESSIVE;
				CLANG_CXX_LANGUAGE_STANDARD = "gnu++17";
				CLANG_ENABLE_MODULES = YES;
				CLANG_ENABLE_OBJC_ARC = YES;
				CLANG_ENABLE_OBJC_WEAK = YES;
				CLANG_WARN_BLOCK_CAPTURE_AUTORELEASING = YES;
				CLANG_WARN_BOOL_CONVERSION = YES;
				CLANG_WARN_COMMA = YES;
				CLANG_WARN_CONSTANT_CONVERSION = YES;
				CLANG_WARN_DEPRECATED_OBJC_IMPLEMENTATIONS = YES;
				CLANG_WARN_DIRECT_OBJC_ISA_USAGE = YES_ERROR;
				CLANG_WARN_DOCUMENTATION_COMMENTS = YES;
				CLANG_WARN_EMPTY_BODY = YES;
				CLANG_WARN_ENUM_CONVERSION = YES;
				CLANG_WARN_INFINITE_RECURSION = YES;
				CLANG_WARN_INT_CONVERSION = YES;
				CLANG_WARN_NON_LITERAL_NULL_CONVERSION = YES;
				CLANG_WARN_OBJC_IMPLICIT_RETAIN_SELF = YES;
				CLANG_WARN_OBJC_LITERAL_CONVERSION = YES;
				CLANG_WARN_OBJC_ROOT_CLASS = YES_ERROR;
				CLANG_WARN_QUOTED_INCLUDE_IN_FRAMEWORK_HEADER = YES;
				CLANG_WARN_RANGE_LOOP_ANALYSIS = YES;
				CLANG_WARN_STRICT_PROTOTYPES = YES;
				CLANG_WARN_SUSPICIOUS_MOVE = YES;
				CLANG_WARN_UNGUARDED_AVAILABILITY = YES_AGGRESSIVE;
				CLANG_WARN_UNREACHABLE_CODE = YES;
				CLANG_WARN__DUPLICATE_METHOD_MATCH = YES;
				COPY_PHASE_STRIP = NO;
				DEBUG_INFORMATION_FORMAT = "dwarf-with-dsym";
				ENABLE_NS_ASSERTIONS = NO;
				ENABLE_STRICT_OBJC_MSGSEND = YES;
				GCC_C_LANGUAGE_STANDARD = gnu11;
				GCC_NO_COMMON_BLOCKS = YES;
				GCC_WARN_64_TO_32_BIT_CONVERSION = YES;
				GCC_WARN_ABOUT_RETURN_TYPE = YES_ERROR;
				GCC_WARN_UNDECLARED_SELECTOR = YES;
				GCC_WARN_UNINITIALIZED_AUTOS = YES_AGGRESSIVE;
				GCC_WARN_UNUSED_FUNCTION = YES;
				GCC_WARN_UNUSED_VARIABLE = YES;
				IPHONEOS_DEPLOYMENT_TARGET = 15.5;
				MTL_ENABLE_DEBUG_INFO = NO;
				MTL_FAST_MATH = YES;
				SDKROOT = iphoneos;
				SWIFT_COMPILATION_MODE = wholemodule;
				SWIFT_OPTIMIZATION_LEVEL = "-O";
				VALIDATE_PRODUCT = YES;
			};
			name = Release;
		};
		84FD4D662963EF4900CB91DA /* Debug */ = {
			isa = XCBuildConfiguration;
			buildSettings = {
				ASSETCATALOG_COMPILER_APPICON_NAME = AppIcon;
				ASSETCATALOG_COMPILER_GLOBAL_ACCENT_COLOR_NAME = AccentColor;
				CODE_SIGN_STYLE = Automatic;
				CURRENT_PROJECT_VERSION = 1;
				GENERATE_INFOPLIST_FILE = YES;
				INFOPLIST_FILE = "Jan-03-URLSession_DataTask/Info.plist";
				INFOPLIST_KEY_UIApplicationSupportsIndirectInputEvents = YES;
				INFOPLIST_KEY_UILaunchStoryboardName = LaunchScreen;
				INFOPLIST_KEY_UIMainStoryboardFile = Main;
				INFOPLIST_KEY_UISupportedInterfaceOrientations_iPad = "UIInterfaceOrientationPortrait UIInterfaceOrientationPortraitUpsideDown UIInterfaceOrientationLandscapeLeft UIInterfaceOrientationLandscapeRight";
				INFOPLIST_KEY_UISupportedInterfaceOrientations_iPhone = "UIInterfaceOrientationPortrait UIInterfaceOrientationLandscapeLeft UIInterfaceOrientationLandscapeRight";
				LD_RUNPATH_SEARCH_PATHS = (
					"$(inherited)",
					"@executable_path/Frameworks",
				);
				MARKETING_VERSION = 1.0;
				PRODUCT_BUNDLE_IDENTIFIER = "com.new.Demo.Jan-03-URLSession-DataTask";
				PRODUCT_NAME = "$(TARGET_NAME)";
				SWIFT_EMIT_LOC_STRINGS = YES;
				SWIFT_VERSION = 5.0;
				TARGETED_DEVICE_FAMILY = "1,2";
			};
			name = Debug;
		};
		84FD4D672963EF4900CB91DA /* Release */ = {
			isa = XCBuildConfiguration;
			buildSettings = {
				ASSETCATALOG_COMPILER_APPICON_NAME = AppIcon;
				ASSETCATALOG_COMPILER_GLOBAL_ACCENT_COLOR_NAME = AccentColor;
				CODE_SIGN_STYLE = Automatic;
				CURRENT_PROJECT_VERSION = 1;
				GENERATE_INFOPLIST_FILE = YES;
				INFOPLIST_FILE = "Jan-03-URLSession_DataTask/Info.plist";
				INFOPLIST_KEY_UIApplicationSupportsIndirectInputEvents = YES;
				INFOPLIST_KEY_UILaunchStoryboardName = LaunchScreen;
				INFOPLIST_KEY_UIMainStoryboardFile = Main;
				INFOPLIST_KEY_UISupportedInterfaceOrientations_iPad = "UIInterfaceOrientationPortrait UIInterfaceOrientationPortraitUpsideDown UIInterfaceOrientationLandscapeLeft UIInterfaceOrientationLandscapeRight";
				INFOPLIST_KEY_UISupportedInterfaceOrientations_iPhone = "UIInterfaceOrientationPortrait UIInterfaceOrientationLandscapeLeft UIInterfaceOrientationLandscapeRight";
				LD_RUNPATH_SEARCH_PATHS = (
					"$(inherited)",
					"@executable_path/Frameworks",
				);
				MARKETING_VERSION = 1.0;
				PRODUCT_BUNDLE_IDENTIFIER = "com.new.Demo.Jan-03-URLSession-DataTask";
				PRODUCT_NAME = "$(TARGET_NAME)";
				SWIFT_EMIT_LOC_STRINGS = YES;
				SWIFT_VERSION = 5.0;
				TARGETED_DEVICE_FAMILY = "1,2";
			};
			name = Release;
		};
/* End XCBuildConfiguration section */

/* Begin XCConfigurationList section */
		84FD4D4C2963EF4800CB91DA /* Build configuration list for PBXProject "Jan-03-URLSession_DataTask" */ = {
			isa = XCConfigurationList;
			buildConfigurations = (
				84FD4D632963EF4900CB91DA /* Debug */,
				84FD4D642963EF4900CB91DA /* Release */,
			);
			defaultConfigurationIsVisible = 0;
			defaultConfigurationName = Release;
		};
		84FD4D652963EF4900CB91DA /* Build configuration list for PBXNativeTarget "Jan-03-URLSession_DataTask" */ = {
			isa = XCConfigurationList;
			buildConfigurations = (
				84FD4D662963EF4900CB91DA /* Debug */,
				84FD4D672963EF4900CB91DA /* Release */,
			);
			defaultConfigurationIsVisible = 0;
			defaultConfigurationName = Release;
		};
/* End XCConfigurationList section */
	};
	rootObject = 84FD4D492963EF4800CB91DA /* Project object */;
}
